
Microsoft Visual Studio Solution File, Format Version 12.00
# Visual Studio Version 17
VisualStudioVersion = 17.11.35303.130
MinimumVisualStudioVersion = 10.0.40219.1
Project("{FAE04EC0-301F-11D3-BF4B-00C04F79EFBC}") = "кр1.2", "кр1.2\кр1.2.csproj", "{CFB81922-4391-481C-9BDD-750F03A67BDA}"
EndProject
Global
	GlobalSection(SolutionConfigurationPlatforms) = preSolution
		Debug|Any CPU = Debug|Any CPU
		Release|Any CPU = Release|Any CPU
	EndGlobalSection
	GlobalSection(ProjectConfigurationPlatforms) = postSolution
		{CFB81922-4391-481C-9BDD-750F03A67BDA}.Debug|Any CPU.ActiveCfg = Debug|Any CPU
		{CFB81922-4391-481C-9BDD-750F03A67BDA}.Debug|Any CPU.Build.0 = Debug|Any CPU
		{CFB81922-4391-481C-9BDD-750F03A67BDA}.Release|Any CPU.ActiveCfg = Release|Any CPU
		{CFB81922-4391-481C-9BDD-750F03A67BDA}.Release|Any CPU.Build.0 = Release|Any CPU
	EndGlobalSection
	GlobalSection(SolutionProperties) = preSolution
		HideSolutionNode = FALSE
	EndGlobalSection
	GlobalSection(ExtensibilityGlobals) = postSolution
		SolutionGuid = {393F9885-B6C6-4750-B874-892161DFA7D9}
	EndGlobalSection
EndGlobal
