
Microsoft Visual Studio Solution File, Format Version 12.00
# Visual Studio Version 17
VisualStudioVersion = 17.11.35303.130
MinimumVisualStudioVersion = 10.0.40219.1
Project("{FAE04EC0-301F-11D3-BF4B-00C04F79EFBC}") = "kdz6", "kdz6\kdz6.csproj", "{4860F4D1-46BC-4855-BDAD-B89D7207B18A}"
EndProject
Global
	GlobalSection(SolutionConfigurationPlatforms) = preSolution
		Debug|Any CPU = Debug|Any CPU
		Release|Any CPU = Release|Any CPU
	EndGlobalSection
	GlobalSection(ProjectConfigurationPlatforms) = postSolution
		{4860F4D1-46BC-4855-BDAD-B89D7207B18A}.Debug|Any CPU.ActiveCfg = Debug|Any CPU
		{4860F4D1-46BC-4855-BDAD-B89D7207B18A}.Debug|Any CPU.Build.0 = Debug|Any CPU
		{4860F4D1-46BC-4855-BDAD-B89D7207B18A}.Release|Any CPU.ActiveCfg = Release|Any CPU
		{4860F4D1-46BC-4855-BDAD-B89D7207B18A}.Release|Any CPU.Build.0 = Release|Any CPU
	EndGlobalSection
	GlobalSection(SolutionProperties) = preSolution
		HideSolutionNode = FALSE
	EndGlobalSection
	GlobalSection(ExtensibilityGlobals) = postSolution
		SolutionGuid = {83B8825A-269C-48BD-B761-895018F5E373}
	EndGlobalSection
EndGlobal
