
Microsoft Visual Studio Solution File, Format Version 12.00
# Visual Studio Version 17
VisualStudioVersion = 17.11.35303.130
MinimumVisualStudioVersion = 10.0.40219.1
Project("{FAE04EC0-301F-11D3-BF4B-00C04F79EFBC}") = "1.5", "1.5\1.5.csproj", "{398B3D8F-C319-484B-8F86-2D90197173D0}"
EndProject
Global
	GlobalSection(SolutionConfigurationPlatforms) = preSolution
		Debug|Any CPU = Debug|Any CPU
		Release|Any CPU = Release|Any CPU
	EndGlobalSection
	GlobalSection(ProjectConfigurationPlatforms) = postSolution
		{398B3D8F-C319-484B-8F86-2D90197173D0}.Debug|Any CPU.ActiveCfg = Debug|Any CPU
		{398B3D8F-C319-484B-8F86-2D90197173D0}.Debug|Any CPU.Build.0 = Debug|Any CPU
		{398B3D8F-C319-484B-8F86-2D90197173D0}.Release|Any CPU.ActiveCfg = Release|Any CPU
		{398B3D8F-C319-484B-8F86-2D90197173D0}.Release|Any CPU.Build.0 = Release|Any CPU
	EndGlobalSection
	GlobalSection(SolutionProperties) = preSolution
		HideSolutionNode = FALSE
	EndGlobalSection
	GlobalSection(ExtensibilityGlobals) = postSolution
		SolutionGuid = {713696A7-E2A1-47EF-9A7C-759C155930FA}
	EndGlobalSection
EndGlobal
