
Microsoft Visual Studio Solution File, Format Version 12.00
# Visual Studio Version 17
VisualStudioVersion = 17.11.35303.130
MinimumVisualStudioVersion = 10.0.40219.1
Project("{FAE04EC0-301F-11D3-BF4B-00C04F79EFBC}") = "ConsoleApp1", "ConsoleApp1\ConsoleApp1.csproj", "{DCA95C39-175F-490C-BFD4-F3CA85C5D298}"
EndProject
Global
	GlobalSection(SolutionConfigurationPlatforms) = preSolution
		Debug|Any CPU = Debug|Any CPU
		Release|Any CPU = Release|Any CPU
	EndGlobalSection
	GlobalSection(ProjectConfigurationPlatforms) = postSolution
		{DCA95C39-175F-490C-BFD4-F3CA85C5D298}.Debug|Any CPU.ActiveCfg = Debug|Any CPU
		{DCA95C39-175F-490C-BFD4-F3CA85C5D298}.Debug|Any CPU.Build.0 = Debug|Any CPU
		{DCA95C39-175F-490C-BFD4-F3CA85C5D298}.Release|Any CPU.ActiveCfg = Release|Any CPU
		{DCA95C39-175F-490C-BFD4-F3CA85C5D298}.Release|Any CPU.Build.0 = Release|Any CPU
	EndGlobalSection
	GlobalSection(SolutionProperties) = preSolution
		HideSolutionNode = FALSE
	EndGlobalSection
	GlobalSection(ExtensibilityGlobals) = postSolution
		SolutionGuid = {21E7002E-26C9-481A-A249-E888AC820982}
	EndGlobalSection
EndGlobal
