
Microsoft Visual Studio Solution File, Format Version 12.00
# Visual Studio Version 17
VisualStudioVersion = 17.11.35303.130
MinimumVisualStudioVersion = 10.0.40219.1
Project("{FAE04EC0-301F-11D3-BF4B-00C04F79EFBC}") = "1.4", "1.4\1.4.csproj", "{9025C5B7-D74A-4E60-9C81-0BDC491D562B}"
EndProject
Global
	GlobalSection(SolutionConfigurationPlatforms) = preSolution
		Debug|Any CPU = Debug|Any CPU
		Release|Any CPU = Release|Any CPU
	EndGlobalSection
	GlobalSection(ProjectConfigurationPlatforms) = postSolution
		{9025C5B7-D74A-4E60-9C81-0BDC491D562B}.Debug|Any CPU.ActiveCfg = Debug|Any CPU
		{9025C5B7-D74A-4E60-9C81-0BDC491D562B}.Debug|Any CPU.Build.0 = Debug|Any CPU
		{9025C5B7-D74A-4E60-9C81-0BDC491D562B}.Release|Any CPU.ActiveCfg = Release|Any CPU
		{9025C5B7-D74A-4E60-9C81-0BDC491D562B}.Release|Any CPU.Build.0 = Release|Any CPU
	EndGlobalSection
	GlobalSection(SolutionProperties) = preSolution
		HideSolutionNode = FALSE
	EndGlobalSection
	GlobalSection(ExtensibilityGlobals) = postSolution
		SolutionGuid = {B7938A77-F6C6-4354-9051-DD644F4C9025}
	EndGlobalSection
EndGlobal
