
Microsoft Visual Studio Solution File, Format Version 12.00
# Visual Studio Version 17
VisualStudioVersion = 17.11.35303.130
MinimumVisualStudioVersion = 10.0.40219.1
Project("{FAE04EC0-301F-11D3-BF4B-00C04F79EFBC}") = "3.1", "3.1\3.1.csproj", "{40329793-A151-4454-9424-B1A4F1B217C3}"
EndProject
Global
	GlobalSection(SolutionConfigurationPlatforms) = preSolution
		Debug|Any CPU = Debug|Any CPU
		Release|Any CPU = Release|Any CPU
	EndGlobalSection
	GlobalSection(ProjectConfigurationPlatforms) = postSolution
		{40329793-A151-4454-9424-B1A4F1B217C3}.Debug|Any CPU.ActiveCfg = Debug|Any CPU
		{40329793-A151-4454-9424-B1A4F1B217C3}.Debug|Any CPU.Build.0 = Debug|Any CPU
		{40329793-A151-4454-9424-B1A4F1B217C3}.Release|Any CPU.ActiveCfg = Release|Any CPU
		{40329793-A151-4454-9424-B1A4F1B217C3}.Release|Any CPU.Build.0 = Release|Any CPU
	EndGlobalSection
	GlobalSection(SolutionProperties) = preSolution
		HideSolutionNode = FALSE
	EndGlobalSection
	GlobalSection(ExtensibilityGlobals) = postSolution
		SolutionGuid = {72C12B7E-409F-46F0-BDA1-4A69578DB07F}
	EndGlobalSection
EndGlobal
